
Microsoft Visual Studio Solution File, Format Version 12.00
Project("{FAE04EC0-301F-11D3-BF4B-00C04F79EFBC}") = "SwiftDocs", "SwiftDocs\SwiftDocs.csproj", "{567552EE-30DB-4161-AD89-57136FA0F244}"
EndProject
Global
	GlobalSection(SolutionConfigurationPlatforms) = preSolution
		Debug|Any CPU = Debug|Any CPU
		Release|Any CPU = Release|Any CPU
	EndGlobalSection
	GlobalSection(ProjectConfigurationPlatforms) = postSolution
		{567552EE-30DB-4161-AD89-57136FA0F244}.Debug|Any CPU.ActiveCfg = Debug|Any CPU
		{567552EE-30DB-4161-AD89-57136FA0F244}.Debug|Any CPU.Build.0 = Debug|Any CPU
		{567552EE-30DB-4161-AD89-57136FA0F244}.Release|Any CPU.ActiveCfg = Release|Any CPU
		{567552EE-30DB-4161-AD89-57136FA0F244}.Release|Any CPU.Build.0 = Release|Any CPU
	EndGlobalSection
EndGlobal
